
Microsoft Visual Studio Solution File, Format Version 12.00
# Visual Studio 15
VisualStudioVersion = 15.0.28307.572
MinimumVisualStudioVersion = 10.0.40219.1
Project("{FAE04EC0-301F-11D3-BF4B-00C04F79EFBC}") = "UserControlDemo", "UserControlDemo\UserControlDemo.csproj", "{68E81878-CB13-4856-926F-AE8A6D922C80}"
EndProject
Global
	GlobalSection(SolutionConfigurationPlatforms) = preSolution
		Debug|Any CPU = Debug|Any CPU
		Release|Any CPU = Release|Any CPU
	EndGlobalSection
	GlobalSection(ProjectConfigurationPlatforms) = postSolution
		{68E81878-CB13-4856-926F-AE8A6D922C80}.Debug|Any CPU.ActiveCfg = Debug|Any CPU
		{68E81878-CB13-4856-926F-AE8A6D922C80}.Debug|Any CPU.Build.0 = Debug|Any CPU
		{68E81878-CB13-4856-926F-AE8A6D922C80}.Release|Any CPU.ActiveCfg = Release|Any CPU
		{68E81878-CB13-4856-926F-AE8A6D922C80}.Release|Any CPU.Build.0 = Release|Any CPU
	EndGlobalSection
	GlobalSection(SolutionProperties) = preSolution
		HideSolutionNode = FALSE
	EndGlobalSection
	GlobalSection(ExtensibilityGlobals) = postSolution
		SolutionGuid = {7F990F73-6441-43EB-B85D-32FBE24DEBCC}
	EndGlobalSection
EndGlobal
